
Microsoft Visual Studio Solution File, Format Version 12.00
# Visual Studio 2013
VisualStudioVersion = 12.0.21005.1
MinimumVisualStudioVersion = 10.0.40219.1
Project("{FAE04EC0-301F-11D3-BF4B-00C04F79EFBC}") = "DataLayer", "DataLayer\DataLayer.csproj", "{537488E9-DE94-4187-83B5-B577D4A261DC}"
EndProject
Project("{FAE04EC0-301F-11D3-BF4B-00C04F79EFBC}") = "BusinessLayer", "BusinessLayer\BusinessLayer.csproj", "{6C8E0DAB-8566-4BFA-AA0F-D7B2FD054632}"
EndProject
Global
	GlobalSection(SolutionConfigurationPlatforms) = preSolution
		Debug|Any CPU = Debug|Any CPU
		Release|Any CPU = Release|Any CPU
	EndGlobalSection
	GlobalSection(ProjectConfigurationPlatforms) = postSolution
		{537488E9-DE94-4187-83B5-B577D4A261DC}.Debug|Any CPU.ActiveCfg = Debug|Any CPU
		{537488E9-DE94-4187-83B5-B577D4A261DC}.Debug|Any CPU.Build.0 = Debug|Any CPU
		{537488E9-DE94-4187-83B5-B577D4A261DC}.Release|Any CPU.ActiveCfg = Release|Any CPU
		{537488E9-DE94-4187-83B5-B577D4A261DC}.Release|Any CPU.Build.0 = Release|Any CPU
		{6C8E0DAB-8566-4BFA-AA0F-D7B2FD054632}.Debug|Any CPU.ActiveCfg = Debug|Any CPU
		{6C8E0DAB-8566-4BFA-AA0F-D7B2FD054632}.Debug|Any CPU.Build.0 = Debug|Any CPU
		{6C8E0DAB-8566-4BFA-AA0F-D7B2FD054632}.Release|Any CPU.ActiveCfg = Release|Any CPU
		{6C8E0DAB-8566-4BFA-AA0F-D7B2FD054632}.Release|Any CPU.Build.0 = Release|Any CPU
	EndGlobalSection
	GlobalSection(SolutionProperties) = preSolution
		HideSolutionNode = FALSE
	EndGlobalSection
EndGlobal
